
Microsoft Visual Studio Solution File, Format Version 12.00
# Visual Studio 15
VisualStudioVersion = 15.0.28010.2046
MinimumVisualStudioVersion = 10.0.40219.1
Project("{FAE04EC0-301F-11D3-BF4B-00C04F79EFBC}") = "FileSys", "FileSys\FileSys.csproj", "{325768FC-442B-4FCD-85D9-A97B366CE0ED}"
EndProject
Project("{9A19103F-16F7-4668-BE54-9A1E7A4F7556}") = "FileSysLib", "FileSysLib\FileSysLib.csproj", "{830F55EF-8085-4C6B-A126-FB6D3AE1A51E}"
EndProject
Project("{9A19103F-16F7-4668-BE54-9A1E7A4F7556}") = "FileSysTest", "CardsForMemoryTest\FileSysTest.csproj", "{26838A9B-36F2-4E16-8739-2C54A07E5F49}"
EndProject
Global
	GlobalSection(SolutionConfigurationPlatforms) = preSolution
		Debug|Any CPU = Debug|Any CPU
		Debug|ARM = Debug|ARM
		Debug|x64 = Debug|x64
		Debug|x86 = Debug|x86
		Release|Any CPU = Release|Any CPU
		Release|ARM = Release|ARM
		Release|x64 = Release|x64
		Release|x86 = Release|x86
	EndGlobalSection
	GlobalSection(ProjectConfigurationPlatforms) = postSolution
		{325768FC-442B-4FCD-85D9-A97B366CE0ED}.Debug|Any CPU.ActiveCfg = Debug|x86
		{325768FC-442B-4FCD-85D9-A97B366CE0ED}.Debug|Any CPU.Build.0 = Debug|x86
		{325768FC-442B-4FCD-85D9-A97B366CE0ED}.Debug|ARM.ActiveCfg = Debug|ARM
		{325768FC-442B-4FCD-85D9-A97B366CE0ED}.Debug|ARM.Build.0 = Debug|ARM
		{325768FC-442B-4FCD-85D9-A97B366CE0ED}.Debug|ARM.Deploy.0 = Debug|ARM
		{325768FC-442B-4FCD-85D9-A97B366CE0ED}.Debug|x64.ActiveCfg = Debug|x64
		{325768FC-442B-4FCD-85D9-A97B366CE0ED}.Debug|x64.Build.0 = Debug|x64
		{325768FC-442B-4FCD-85D9-A97B366CE0ED}.Debug|x64.Deploy.0 = Debug|x64
		{325768FC-442B-4FCD-85D9-A97B366CE0ED}.Debug|x86.ActiveCfg = Debug|x86
		{325768FC-442B-4FCD-85D9-A97B366CE0ED}.Debug|x86.Build.0 = Debug|x86
		{325768FC-442B-4FCD-85D9-A97B366CE0ED}.Debug|x86.Deploy.0 = Debug|x86
		{325768FC-442B-4FCD-85D9-A97B366CE0ED}.Release|Any CPU.ActiveCfg = Release|x86
		{325768FC-442B-4FCD-85D9-A97B366CE0ED}.Release|ARM.ActiveCfg = Release|ARM
		{325768FC-442B-4FCD-85D9-A97B366CE0ED}.Release|ARM.Build.0 = Release|ARM
		{325768FC-442B-4FCD-85D9-A97B366CE0ED}.Release|ARM.Deploy.0 = Release|ARM
		{325768FC-442B-4FCD-85D9-A97B366CE0ED}.Release|x64.ActiveCfg = Release|x64
		{325768FC-442B-4FCD-85D9-A97B366CE0ED}.Release|x64.Build.0 = Release|x64
		{325768FC-442B-4FCD-85D9-A97B366CE0ED}.Release|x64.Deploy.0 = Release|x64
		{325768FC-442B-4FCD-85D9-A97B366CE0ED}.Release|x86.ActiveCfg = Release|x86
		{325768FC-442B-4FCD-85D9-A97B366CE0ED}.Release|x86.Build.0 = Release|x86
		{325768FC-442B-4FCD-85D9-A97B366CE0ED}.Release|x86.Deploy.0 = Release|x86
		{830F55EF-8085-4C6B-A126-FB6D3AE1A51E}.Debug|Any CPU.ActiveCfg = Debug|Any CPU
		{830F55EF-8085-4C6B-A126-FB6D3AE1A51E}.Debug|Any CPU.Build.0 = Debug|Any CPU
		{830F55EF-8085-4C6B-A126-FB6D3AE1A51E}.Debug|ARM.ActiveCfg = Debug|Any CPU
		{830F55EF-8085-4C6B-A126-FB6D3AE1A51E}.Debug|ARM.Build.0 = Debug|Any CPU
		{830F55EF-8085-4C6B-A126-FB6D3AE1A51E}.Debug|x64.ActiveCfg = Debug|Any CPU
		{830F55EF-8085-4C6B-A126-FB6D3AE1A51E}.Debug|x64.Build.0 = Debug|Any CPU
		{830F55EF-8085-4C6B-A126-FB6D3AE1A51E}.Debug|x86.ActiveCfg = Debug|Any CPU
		{830F55EF-8085-4C6B-A126-FB6D3AE1A51E}.Debug|x86.Build.0 = Debug|Any CPU
		{830F55EF-8085-4C6B-A126-FB6D3AE1A51E}.Release|Any CPU.ActiveCfg = Release|Any CPU
		{830F55EF-8085-4C6B-A126-FB6D3AE1A51E}.Release|Any CPU.Build.0 = Release|Any CPU
		{830F55EF-8085-4C6B-A126-FB6D3AE1A51E}.Release|ARM.ActiveCfg = Release|Any CPU
		{830F55EF-8085-4C6B-A126-FB6D3AE1A51E}.Release|ARM.Build.0 = Release|Any CPU
		{830F55EF-8085-4C6B-A126-FB6D3AE1A51E}.Release|x64.ActiveCfg = Release|Any CPU
		{830F55EF-8085-4C6B-A126-FB6D3AE1A51E}.Release|x64.Build.0 = Release|Any CPU
		{830F55EF-8085-4C6B-A126-FB6D3AE1A51E}.Release|x86.ActiveCfg = Release|Any CPU
		{830F55EF-8085-4C6B-A126-FB6D3AE1A51E}.Release|x86.Build.0 = Release|Any CPU
		{26838A9B-36F2-4E16-8739-2C54A07E5F49}.Debug|Any CPU.ActiveCfg = Debug|Any CPU
		{26838A9B-36F2-4E16-8739-2C54A07E5F49}.Debug|Any CPU.Build.0 = Debug|Any CPU
		{26838A9B-36F2-4E16-8739-2C54A07E5F49}.Debug|ARM.ActiveCfg = Debug|Any CPU
		{26838A9B-36F2-4E16-8739-2C54A07E5F49}.Debug|ARM.Build.0 = Debug|Any CPU
		{26838A9B-36F2-4E16-8739-2C54A07E5F49}.Debug|x64.ActiveCfg = Debug|Any CPU
		{26838A9B-36F2-4E16-8739-2C54A07E5F49}.Debug|x64.Build.0 = Debug|Any CPU
		{26838A9B-36F2-4E16-8739-2C54A07E5F49}.Debug|x86.ActiveCfg = Debug|Any CPU
		{26838A9B-36F2-4E16-8739-2C54A07E5F49}.Debug|x86.Build.0 = Debug|Any CPU
		{26838A9B-36F2-4E16-8739-2C54A07E5F49}.Release|Any CPU.ActiveCfg = Release|Any CPU
		{26838A9B-36F2-4E16-8739-2C54A07E5F49}.Release|Any CPU.Build.0 = Release|Any CPU
		{26838A9B-36F2-4E16-8739-2C54A07E5F49}.Release|ARM.ActiveCfg = Release|Any CPU
		{26838A9B-36F2-4E16-8739-2C54A07E5F49}.Release|ARM.Build.0 = Release|Any CPU
		{26838A9B-36F2-4E16-8739-2C54A07E5F49}.Release|x64.ActiveCfg = Release|Any CPU
		{26838A9B-36F2-4E16-8739-2C54A07E5F49}.Release|x64.Build.0 = Release|Any CPU
		{26838A9B-36F2-4E16-8739-2C54A07E5F49}.Release|x86.ActiveCfg = Release|Any CPU
		{26838A9B-36F2-4E16-8739-2C54A07E5F49}.Release|x86.Build.0 = Release|Any CPU
	EndGlobalSection
	GlobalSection(SolutionProperties) = preSolution
		HideSolutionNode = FALSE
	EndGlobalSection
	GlobalSection(ExtensibilityGlobals) = postSolution
		SolutionGuid = {F147A548-F2F0-4160-A852-E8E1E7AFAA6E}
	EndGlobalSection
EndGlobal
